
Microsoft Visual Studio Solution File, Format Version 12.00
# Visual Studio Version 17
VisualStudioVersion = 17.10.35013.160
MinimumVisualStudioVersion = 10.0.40219.1
Project("{FAE04EC0-301F-11D3-BF4B-00C04F79EFBC}") = "Smooth.Admin.Mvc", "Smooth.Admin.Mvc\Smooth.Admin.Mvc.csproj", "{C606363D-69A5-46DC-A8E7-31454DC85FD5}"
EndProject
Global
	GlobalSection(SolutionConfigurationPlatforms) = preSolution
		Debug|Any CPU = Debug|Any CPU
		Release|Any CPU = Release|Any CPU
	EndGlobalSection
	GlobalSection(ProjectConfigurationPlatforms) = postSolution
		{C606363D-69A5-46DC-A8E7-31454DC85FD5}.Debug|Any CPU.ActiveCfg = Debug|Any CPU
		{C606363D-69A5-46DC-A8E7-31454DC85FD5}.Debug|Any CPU.Build.0 = Debug|Any CPU
		{C606363D-69A5-46DC-A8E7-31454DC85FD5}.Release|Any CPU.ActiveCfg = Release|Any CPU
		{C606363D-69A5-46DC-A8E7-31454DC85FD5}.Release|Any CPU.Build.0 = Release|Any CPU
	EndGlobalSection
	GlobalSection(SolutionProperties) = preSolution
		HideSolutionNode = FALSE
	EndGlobalSection
	GlobalSection(ExtensibilityGlobals) = postSolution
		SolutionGuid = {B0133372-3155-49B8-B54A-CA8FE912AB1B}
	EndGlobalSection
EndGlobal
